
Microsoft Visual Studio Solution File, Format Version 12.00
# Visual Studio 15
VisualStudioVersion = 15.0.27130.2027
MinimumVisualStudioVersion = 10.0.40219.1
Project("{9A19103F-16F7-4668-BE54-9A1E7A4F7556}") = "Galaxy.Core", "Galaxy.Core\Galaxy.Core.csproj", "{B528CFA9-9795-4F47-90C4-B8ED17E99041}"
EndProject
Project("{FAE04EC0-301F-11D3-BF4B-00C04F79EFBC}") = "Galaxy.Console", "Galaxy.Console\Galaxy.Console.csproj", "{BED15F5A-92B8-4395-A84B-B972138D1BEB}"
EndProject
Project("{FAE04EC0-301F-11D3-BF4B-00C04F79EFBC}") = "Galaxy.Test", "Galaxy.Test\Galaxy.Test.csproj", "{A962D41C-3F98-4675-9098-A00F12CA965D}"
EndProject
Global
	GlobalSection(SolutionConfigurationPlatforms) = preSolution
		Debug|Any CPU = Debug|Any CPU
		Release|Any CPU = Release|Any CPU
	EndGlobalSection
	GlobalSection(ProjectConfigurationPlatforms) = postSolution
		{B528CFA9-9795-4F47-90C4-B8ED17E99041}.Debug|Any CPU.ActiveCfg = Debug|Any CPU
		{B528CFA9-9795-4F47-90C4-B8ED17E99041}.Debug|Any CPU.Build.0 = Debug|Any CPU
		{B528CFA9-9795-4F47-90C4-B8ED17E99041}.Release|Any CPU.ActiveCfg = Release|Any CPU
		{B528CFA9-9795-4F47-90C4-B8ED17E99041}.Release|Any CPU.Build.0 = Release|Any CPU
		{BED15F5A-92B8-4395-A84B-B972138D1BEB}.Debug|Any CPU.ActiveCfg = Debug|Any CPU
		{BED15F5A-92B8-4395-A84B-B972138D1BEB}.Debug|Any CPU.Build.0 = Debug|Any CPU
		{BED15F5A-92B8-4395-A84B-B972138D1BEB}.Release|Any CPU.ActiveCfg = Release|Any CPU
		{BED15F5A-92B8-4395-A84B-B972138D1BEB}.Release|Any CPU.Build.0 = Release|Any CPU
		{A962D41C-3F98-4675-9098-A00F12CA965D}.Debug|Any CPU.ActiveCfg = Debug|Any CPU
		{A962D41C-3F98-4675-9098-A00F12CA965D}.Debug|Any CPU.Build.0 = Debug|Any CPU
		{A962D41C-3F98-4675-9098-A00F12CA965D}.Release|Any CPU.ActiveCfg = Release|Any CPU
		{A962D41C-3F98-4675-9098-A00F12CA965D}.Release|Any CPU.Build.0 = Release|Any CPU
	EndGlobalSection
	GlobalSection(SolutionProperties) = preSolution
		HideSolutionNode = FALSE
	EndGlobalSection
	GlobalSection(ExtensibilityGlobals) = postSolution
		SolutionGuid = {7D98D9AA-8836-4D8D-8AFE-99E84D6AE53F}
	EndGlobalSection
EndGlobal
